<?xml version="1.0" encoding="utf-8"?>
<Project ToolsVersion="4.0" xmlns="http://schemas.microsoft.com/developer/msbuild/2003">
  <ItemGroup>
    <ClCompile Include="Player.cpp" />
    <ClCompile Include="VisionRule.cpp">
      <Filter>rules</Filter>
    </ClCompile>
    <ClCompile Include="WindRule.cpp">
      <Filter>rules</Filter>
    </ClCompile>
    <ClCompile Include="CollisionRule.cpp">
      <Filter>rules</Filter>
    </ClCompile>
    <ClCompile Include="imgui\imgui.cpp">
      <Filter>lib</Filter>
    </ClCompile>
    <ClCompile Include="imgui\imgui_demo.cpp">
      <Filter>lib</Filter>
    </ClCompile>
    <ClCompile Include="imgui\imgui_draw.cpp">
      <Filter>lib</Filter>
    </ClCompile>
    <ClCompile Include="imgui\imgui_widgets.cpp">
      <Filter>lib</Filter>
    </ClCompile>
    <ClCompile Include="imgui-sfml\imgui-SFML.cpp">
      <Filter>lib</Filter>
    </ClCompile>
    <ClCompile Include="TextureManager.cpp">
      <Filter>lib</Filter>
    </ClCompile>
    <ClCompile Include="Actor.cpp" />
    <ClCompile Include="GravityRule.cpp">
      <Filter>rules</Filter>
    </ClCompile>
    <ClCompile Include="main.cpp" />
    <ClCompile Include="World.cpp" />
    <ClCompile Include="Game.cpp" />
    <ClCompile Include="State.cpp">
      <Filter>statemachine</Filter>
    </ClCompile>
    <ClCompile Include="GameState.cpp">
      <Filter>statemachine</Filter>
    </ClCompile>
    <ClCompile Include="StateMachine.cpp">
      <Filter>statemachine</Filter>
    </ClCompile>
    <ClCompile Include="GameOverState.cpp">
      <Filter>statemachine</Filter>
    </ClCompile>
    <ClCompile Include="VictoryState.cpp">
      <Filter>statemachine</Filter>
    </ClCompile>
    <ClCompile Include="SplashscreenState.cpp">
      <Filter>statemachine</Filter>
    </ClCompile>
    <ClCompile Include="FontManager.cpp">
      <Filter>lib</Filter>
    </ClCompile>
    <ClCompile Include="ColorUtil.cpp">
      <Filter>lib</Filter>
    </ClCompile>
    <ClCompile Include="Animation.cpp" />
    <ClCompile Include="PreGameState.cpp">
      <Filter>statemachine</Filter>
    </ClCompile>
    <ClCompile Include="TextWriter.cpp" />
  </ItemGroup>
  <ItemGroup>
    <ClInclude Include="DEFINITIONS.h" />
    <ClInclude Include="Player.h" />
    <ClInclude Include="VisionRule.hpp">
      <Filter>rules</Filter>
    </ClInclude>
    <ClInclude Include="WindRule.hpp">
      <Filter>rules</Filter>
    </ClInclude>
    <ClInclude Include="CollisionRule.h">
      <Filter>rules</Filter>
    </ClInclude>
    <ClInclude Include="Rule.h">
      <Filter>rules</Filter>
    </ClInclude>
    <ClInclude Include="SFMLOrthogonalLayer.hpp">
      <Filter>lib</Filter>
    </ClInclude>
    <ClInclude Include="TextureManager.h">
      <Filter>lib</Filter>
    </ClInclude>
    <ClInclude Include="Actor.h" />
    <ClInclude Include="GameData.h" />
    <ClInclude Include="GravityRule.hpp">
      <Filter>rules</Filter>
    </ClInclude>
    <ClInclude Include="World.h" />
    <ClInclude Include="Game.h" />
    <ClInclude Include="State.hpp">
      <Filter>statemachine</Filter>
    </ClInclude>
    <ClInclude Include="GameState.h">
      <Filter>statemachine</Filter>
    </ClInclude>
    <ClInclude Include="StateMachine.hpp">
      <Filter>statemachine</Filter>
    </ClInclude>
    <ClInclude Include="GameOverState.hpp">
      <Filter>statemachine</Filter>
    </ClInclude>
    <ClInclude Include="VictoryState.hpp">
      <Filter>statemachine</Filter>
    </ClInclude>
    <ClInclude Include="SplashscreenState.hpp">
      <Filter>statemachine</Filter>
    </ClInclude>
    <ClInclude Include="ColorUtil.h">
      <Filter>lib</Filter>
    </ClInclude>
    <ClInclude Include="FontManager.hpp" />
    <ClInclude Include="Animation.hpp" />
    <ClInclude Include="PreGameState.h">
      <Filter>statemachine</Filter>
    </ClInclude>
    <ClInclude Include="FontManager.hpp">
      <Filter>lib</Filter>
    </ClInclude>
    <ClInclude Include="TextWriter.h" />
    <ClInclude Include="SoundManager.h" />
  </ItemGroup>
  <ItemGroup>
    <Filter Include="rules">
      <UniqueIdentifier>{8d0b0791-5aa3-40b6-ac9c-6da24fccae26}</UniqueIdentifier>
    </Filter>
    <Filter Include="lib">
      <UniqueIdentifier>{40c2e76f-0164-472f-93cf-24cac8f082cb}</UniqueIdentifier>
    </Filter>
    <Filter Include="statemachine">
      <UniqueIdentifier>{f36dad91-994f-424a-9247-845e3248fd77}</UniqueIdentifier>
    </Filter>
  </ItemGroup>
</Project>