<?xml version="1.0" encoding="utf-8"?>
<Project ToolsVersion="4.0" xmlns="http://schemas.microsoft.com/developer/msbuild/2003">
  <ItemGroup>
    <ClCompile Include="GravityRule.cpp" />
    <ClCompile Include="imgui-sfml\imgui-SFML.cpp" />
    <ClCompile Include="imgui\imgui.cpp" />
    <ClCompile Include="imgui\imgui_demo.cpp" />
    <ClCompile Include="imgui\imgui_draw.cpp" />
    <ClCompile Include="imgui\imgui_widgets.cpp" />
    <ClCompile Include="InputManager.cpp" />
    <ClCompile Include="CollisionRule.cpp" />
    <ClCompile Include="Player.cpp" />
    <ClCompile Include="TextureManager.cpp" />
    <ClCompile Include="Travelaws.cpp" />
    <ClCompile Include="VisionRule.cpp" />
    <ClCompile Include="WindRule.cpp" />
  </ItemGroup>
  <ItemGroup>
    <ClInclude Include="CollisionRule.h" />
    <ClInclude Include="DEFINITIONS.h" />
    <ClInclude Include="GravityRule.hpp" />
    <ClInclude Include="InputManager.hpp" />
    <ClInclude Include="Player.h" />
    <ClInclude Include="Rule.h" />
    <ClInclude Include="SFMLOrthogonalLayer.hpp" />
    <ClInclude Include="TextureManager.h" />
    <ClInclude Include="Travelaws.h" />
    <ClInclude Include="VisionRule.hpp" />
    <ClInclude Include="WindRule.hpp" />
    <ClInclude Include="Actors.hpp" />
  </ItemGroup>
</Project>